{
	"name": "grocery",
	"version": "1.0.0",
	"lockfileVersion": 1,
	"requires": true,
	"dependencies": {
		"apply": {
			"version": "0.0.0",
			"resolved": "https://registry.npmjs.org/apply/-/apply-0.0.0.tgz",
			"integrity": "sha1-lOpE+nvIz8U+hi711YqcCTI7Vog="
		},
		"sillyname": {
			"version": "0.1.0",
			"resolved": "https://registry.npmjs.org/sillyname/-/sillyname-0.1.0.tgz",
			"integrity": "sha1-z9mIWOJJhnE0d3Xv47tRQfRsh9Y="
		}
	}
}
